
Microsoft Visual Studio Solution File, Format Version 12.00
# Visual Studio Version 16
VisualStudioVersion = 16.0.30611.23
MinimumVisualStudioVersion = 10.0.40219.1
Project("{FAE04EC0-301F-11D3-BF4B-00C04F79EFBC}") = "LAB3", "LAB3\LAB3.csproj", "{5A929A8E-3FEB-46E1-A8A1-14802D1A2A41}"
EndProject
Global
	GlobalSection(SolutionConfigurationPlatforms) = preSolution
		Debug|Any CPU = Debug|Any CPU
		Release|Any CPU = Release|Any CPU
	EndGlobalSection
	GlobalSection(ProjectConfigurationPlatforms) = postSolution
		{5A929A8E-3FEB-46E1-A8A1-14802D1A2A41}.Debug|Any CPU.ActiveCfg = Debug|Any CPU
		{5A929A8E-3FEB-46E1-A8A1-14802D1A2A41}.Debug|Any CPU.Build.0 = Debug|Any CPU
		{5A929A8E-3FEB-46E1-A8A1-14802D1A2A41}.Release|Any CPU.ActiveCfg = Release|Any CPU
		{5A929A8E-3FEB-46E1-A8A1-14802D1A2A41}.Release|Any CPU.Build.0 = Release|Any CPU
	EndGlobalSection
	GlobalSection(SolutionProperties) = preSolution
		HideSolutionNode = FALSE
	EndGlobalSection
	GlobalSection(ExtensibilityGlobals) = postSolution
		SolutionGuid = {8A048113-8100-4EA3-8177-D6C36BCF706E}
	EndGlobalSection
EndGlobal
